
Microsoft Visual Studio Solution File, Format Version 12.00
# Visual Studio 2013
VisualStudioVersion = 12.0.21005.1
MinimumVisualStudioVersion = 10.0.40219.1
Project("{FAE04EC0-301F-11D3-BF4B-00C04F79EFBC}") = "fb2TestReader", "fb2TestReader\fb2TestReader.csproj", "{CBC8709B-3C5D-4FB1-8F1D-80FD935DEF8E}"
EndProject
Project("{FAE04EC0-301F-11D3-BF4B-00C04F79EFBC}") = "Reader", "Reader\Reader.csproj", "{6ED34CFA-5151-48D0-AD78-2310B7FB8BED}"
EndProject
Project("{FAE04EC0-301F-11D3-BF4B-00C04F79EFBC}") = "TestControls", "TestControls\TestControls.csproj", "{C455038D-46FC-4BAE-8E8E-117120D4498B}"
EndProject
Global
	GlobalSection(SolutionConfigurationPlatforms) = preSolution
		Debug|Any CPU = Debug|Any CPU
		Release|Any CPU = Release|Any CPU
	EndGlobalSection
	GlobalSection(ProjectConfigurationPlatforms) = postSolution
		{CBC8709B-3C5D-4FB1-8F1D-80FD935DEF8E}.Debug|Any CPU.ActiveCfg = Debug|Any CPU
		{CBC8709B-3C5D-4FB1-8F1D-80FD935DEF8E}.Debug|Any CPU.Build.0 = Debug|Any CPU
		{CBC8709B-3C5D-4FB1-8F1D-80FD935DEF8E}.Release|Any CPU.ActiveCfg = Release|Any CPU
		{CBC8709B-3C5D-4FB1-8F1D-80FD935DEF8E}.Release|Any CPU.Build.0 = Release|Any CPU
		{6ED34CFA-5151-48D0-AD78-2310B7FB8BED}.Debug|Any CPU.ActiveCfg = Debug|Any CPU
		{6ED34CFA-5151-48D0-AD78-2310B7FB8BED}.Debug|Any CPU.Build.0 = Debug|Any CPU
		{6ED34CFA-5151-48D0-AD78-2310B7FB8BED}.Release|Any CPU.ActiveCfg = Release|Any CPU
		{6ED34CFA-5151-48D0-AD78-2310B7FB8BED}.Release|Any CPU.Build.0 = Release|Any CPU
		{C455038D-46FC-4BAE-8E8E-117120D4498B}.Debug|Any CPU.ActiveCfg = Debug|Any CPU
		{C455038D-46FC-4BAE-8E8E-117120D4498B}.Debug|Any CPU.Build.0 = Debug|Any CPU
		{C455038D-46FC-4BAE-8E8E-117120D4498B}.Release|Any CPU.ActiveCfg = Release|Any CPU
		{C455038D-46FC-4BAE-8E8E-117120D4498B}.Release|Any CPU.Build.0 = Release|Any CPU
	EndGlobalSection
	GlobalSection(SolutionProperties) = preSolution
		HideSolutionNode = FALSE
	EndGlobalSection
EndGlobal
